
Microsoft Visual Studio Solution File, Format Version 12.00
Project("{FAE04EC0-301F-11D3-BF4B-00C04F79EFBC}") = "Bibliotheca.Web", "Bibliotheca.Web\Bibliotheca.Web.csproj", "{9ABC03E9-AA2E-4F4A-8029-C560BDDEBDC4}"
EndProject
Project("{FAE04EC0-301F-11D3-BF4B-00C04F79EFBC}") = "Bibliotheca.Domain", "Bibliotheca.Domain\Bibliotheca.Domain.csproj", "{021CE68B-1D85-469E-932D-2833893DDF20}"
EndProject
Project("{FAE04EC0-301F-11D3-BF4B-00C04F79EFBC}") = "Bibliotheca.Application", "Bibliotheca.Application\Bibliotheca.Application.csproj", "{BA3A7F26-5E5E-43B1-B80C-6C72B005BBEF}"
EndProject
Project("{FAE04EC0-301F-11D3-BF4B-00C04F79EFBC}") = "Bibliotheca.Data", "Bibliotheca.Data\Bibliotheca.Data.csproj", "{EC0C9E65-BBE8-4510-B203-22C0A358A05F}"
EndProject
Project("{FAE04EC0-301F-11D3-BF4B-00C04F79EFBC}") = "Bibliotheca.Prompt", "Bibliotheca.Prompt\Bibliotheca.Prompt.csproj", "{E3750852-81FA-4725-8DBA-3A74D718C8B0}"
EndProject
Global
	GlobalSection(SolutionConfigurationPlatforms) = preSolution
		Debug|Any CPU = Debug|Any CPU
		Release|Any CPU = Release|Any CPU
	EndGlobalSection
	GlobalSection(ProjectConfigurationPlatforms) = postSolution
		{9ABC03E9-AA2E-4F4A-8029-C560BDDEBDC4}.Debug|Any CPU.ActiveCfg = Debug|Any CPU
		{9ABC03E9-AA2E-4F4A-8029-C560BDDEBDC4}.Debug|Any CPU.Build.0 = Debug|Any CPU
		{9ABC03E9-AA2E-4F4A-8029-C560BDDEBDC4}.Release|Any CPU.ActiveCfg = Release|Any CPU
		{9ABC03E9-AA2E-4F4A-8029-C560BDDEBDC4}.Release|Any CPU.Build.0 = Release|Any CPU
		{021CE68B-1D85-469E-932D-2833893DDF20}.Debug|Any CPU.ActiveCfg = Debug|Any CPU
		{021CE68B-1D85-469E-932D-2833893DDF20}.Debug|Any CPU.Build.0 = Debug|Any CPU
		{021CE68B-1D85-469E-932D-2833893DDF20}.Release|Any CPU.ActiveCfg = Release|Any CPU
		{021CE68B-1D85-469E-932D-2833893DDF20}.Release|Any CPU.Build.0 = Release|Any CPU
		{BA3A7F26-5E5E-43B1-B80C-6C72B005BBEF}.Debug|Any CPU.ActiveCfg = Debug|Any CPU
		{BA3A7F26-5E5E-43B1-B80C-6C72B005BBEF}.Debug|Any CPU.Build.0 = Debug|Any CPU
		{BA3A7F26-5E5E-43B1-B80C-6C72B005BBEF}.Release|Any CPU.ActiveCfg = Release|Any CPU
		{BA3A7F26-5E5E-43B1-B80C-6C72B005BBEF}.Release|Any CPU.Build.0 = Release|Any CPU
		{EC0C9E65-BBE8-4510-B203-22C0A358A05F}.Debug|Any CPU.ActiveCfg = Debug|Any CPU
		{EC0C9E65-BBE8-4510-B203-22C0A358A05F}.Debug|Any CPU.Build.0 = Debug|Any CPU
		{EC0C9E65-BBE8-4510-B203-22C0A358A05F}.Release|Any CPU.ActiveCfg = Release|Any CPU
		{EC0C9E65-BBE8-4510-B203-22C0A358A05F}.Release|Any CPU.Build.0 = Release|Any CPU
		{E3750852-81FA-4725-8DBA-3A74D718C8B0}.Debug|Any CPU.ActiveCfg = Debug|Any CPU
		{E3750852-81FA-4725-8DBA-3A74D718C8B0}.Debug|Any CPU.Build.0 = Debug|Any CPU
		{E3750852-81FA-4725-8DBA-3A74D718C8B0}.Release|Any CPU.ActiveCfg = Release|Any CPU
		{E3750852-81FA-4725-8DBA-3A74D718C8B0}.Release|Any CPU.Build.0 = Release|Any CPU
	EndGlobalSection
EndGlobal
